// !$*UTF8*$!
{
	archiveVersion = 1;
	classes = {
	};
	objectVersion = 46;
	objects = {

/* Begin PBXBuildFile section */
		89C142D315D6D5710022C205 /* UIKit.framework in Frameworks */ = {isa = PBXBuildFile; fileRef = 89C142D215D6D5710022C205 /* UIKit.framework */; };
		89C142D515D6D5710022C205 /* Foundation.framework in Frameworks */ = {isa = PBXBuildFile; fileRef = 89C142D415D6D5710022C205 /* Foundation.framework */; };
		89C142D715D6D5710022C205 /* CoreGraphics.framework in Frameworks */ = {isa = PBXBuildFile; fileRef = 89C142D615D6D5710022C205 /* CoreGraphics.framework */; };
		89C142DD15D6D5710022C205 /* InfoPlist.strings in Resources */ = {isa = PBXBuildFile; fileRef = 89C142DB15D6D5710022C205 /* InfoPlist.strings */; };
		89C142DF15D6D5710022C205 /* main.m in Sources */ = {isa = PBXBuildFile; fileRef = 89C142DE15D6D5710022C205 /* main.m */; };
		89C142E315D6D5710022C205 /* AppDelegate.m in Sources */ = {isa = PBXBuildFile; fileRef = 89C142E215D6D5710022C205 /* AppDelegate.m */; };
		89C142E615D6D5710022C205 /* MainStoryboard.storyboard in Resources */ = {isa = PBXBuildFile; fileRef = 89C142E415D6D5710022C205 /* MainStoryboard.storyboard */; };
		89C142F715D6D5CA0022C205 /* BSAlert.m in Sources */ = {isa = PBXBuildFile; fileRef = 89C142F015D6D5CA0022C205 /* BSAlert.m */; };
		89C142F815D6D5CA0022C205 /* Common.m in Sources */ = {isa = PBXBuildFile; fileRef = 89C142F215D6D5CA0022C205 /* Common.m */; };
		89C142F915D6D5CA0022C205 /* NSObject+Blocks.m in Sources */ = {isa = PBXBuildFile; fileRef = 89C142F415D6D5CA0022C205 /* NSObject+Blocks.m */; };
		89C142FA15D6D5CA0022C205 /* UIColor+BSColors.m in Sources */ = {isa = PBXBuildFile; fileRef = 89C142F615D6D5CA0022C205 /* UIColor+BSColors.m */; };
		89C1430215D6D8710022C205 /* EventsViewController.m in Sources */ = {isa = PBXBuildFile; fileRef = 89C1430115D6D8710022C205 /* EventsViewController.m */; };
		89C1430415D6DA650022C205 /* QuartzCore.framework in Frameworks */ = {isa = PBXBuildFile; fileRef = 89C1430315D6DA650022C205 /* QuartzCore.framework */; };
/* End PBXBuildFile section */

/* Begin PBXFileReference section */
		89C142CE15D6D5710022C205 /* EventMaker.app */ = {isa = PBXFileReference; explicitFileType = wrapper.application; includeInIndex = 0; path = EventMaker.app; sourceTree = BUILT_PRODUCTS_DIR; };
		89C142D215D6D5710022C205 /* UIKit.framework */ = {isa = PBXFileReference; lastKnownFileType = wrapper.framework; name = UIKit.framework; path = System/Library/Frameworks/UIKit.framework; sourceTree = SDKROOT; };
		89C142D415D6D5710022C205 /* Foundation.framework */ = {isa = PBXFileReference; lastKnownFileType = wrapper.framework; name = Foundation.framework; path = System/Library/Frameworks/Foundation.framework; sourceTree = SDKROOT; };
		89C142D615D6D5710022C205 /* CoreGraphics.framework */ = {isa = PBXFileReference; lastKnownFileType = wrapper.framework; name = CoreGraphics.framework; path = System/Library/Frameworks/CoreGraphics.framework; sourceTree = SDKROOT; };
		89C142DA15D6D5710022C205 /* EventMaker-Info.plist */ = {isa = PBXFileReference; lastKnownFileType = text.plist.xml; path = "EventMaker-Info.plist"; sourceTree = "<group>"; };
		89C142DC15D6D5710022C205 /* en */ = {isa = PBXFileReference; lastKnownFileType = text.plist.strings; name = en; path = en.lproj/InfoPlist.strings; sourceTree = "<group>"; };
		89C142DE15D6D5710022C205 /* main.m */ = {isa = PBXFileReference; lastKnownFileType = sourcecode.c.objc; path = main.m; sourceTree = "<group>"; };
		89C142E015D6D5710022C205 /* EventMaker-Prefix.pch */ = {isa = PBXFileReference; lastKnownFileType = sourcecode.c.h; path = "EventMaker-Prefix.pch"; sourceTree = "<group>"; };
		89C142E115D6D5710022C205 /* AppDelegate.h */ = {isa = PBXFileReference; lastKnownFileType = sourcecode.c.h; path = AppDelegate.h; sourceTree = "<group>"; };
		89C142E215D6D5710022C205 /* AppDelegate.m */ = {isa = PBXFileReference; lastKnownFileType = sourcecode.c.objc; path = AppDelegate.m; sourceTree = "<group>"; };
		89C142E515D6D5710022C205 /* en */ = {isa = PBXFileReference; lastKnownFileType = file.storyboard; name = en; path = en.lproj/MainStoryboard.storyboard; sourceTree = "<group>"; };
		89C142EF15D6D5CA0022C205 /* BSAlert.h */ = {isa = PBXFileReference; fileEncoding = 4; lastKnownFileType = sourcecode.c.h; path = BSAlert.h; sourceTree = "<group>"; };
		89C142F015D6D5CA0022C205 /* BSAlert.m */ = {isa = PBXFileReference; fileEncoding = 4; lastKnownFileType = sourcecode.c.objc; path = BSAlert.m; sourceTree = "<group>"; };
		89C142F115D6D5CA0022C205 /* Common.h */ = {isa = PBXFileReference; fileEncoding = 4; lastKnownFileType = sourcecode.c.h; path = Common.h; sourceTree = "<group>"; };
		89C142F215D6D5CA0022C205 /* Common.m */ = {isa = PBXFileReference; fileEncoding = 4; lastKnownFileType = sourcecode.c.objc; path = Common.m; sourceTree = "<group>"; };
		89C142F315D6D5CA0022C205 /* NSObject+Blocks.h */ = {isa = PBXFileReference; fileEncoding = 4; lastKnownFileType = sourcecode.c.h; path = "NSObject+Blocks.h"; sourceTree = "<group>"; };
		89C142F415D6D5CA0022C205 /* NSObject+Blocks.m */ = {isa = PBXFileReference; fileEncoding = 4; lastKnownFileType = sourcecode.c.objc; path = "NSObject+Blocks.m"; sourceTree = "<group>"; };
		89C142F515D6D5CA0022C205 /* UIColor+BSColors.h */ = {isa = PBXFileReference; fileEncoding = 4; lastKnownFileType = sourcecode.c.h; path = "UIColor+BSColors.h"; sourceTree = "<group>"; };
		89C142F615D6D5CA0022C205 /* UIColor+BSColors.m */ = {isa = PBXFileReference; fileEncoding = 4; lastKnownFileType = sourcecode.c.objc; path = "UIColor+BSColors.m"; sourceTree = "<group>"; };
		89C1430015D6D8710022C205 /* EventsViewController.h */ = {isa = PBXFileReference; fileEncoding = 4; lastKnownFileType = sourcecode.c.h; path = EventsViewController.h; sourceTree = "<group>"; };
		89C1430115D6D8710022C205 /* EventsViewController.m */ = {isa = PBXFileReference; fileEncoding = 4; lastKnownFileType = sourcecode.c.objc; path = EventsViewController.m; sourceTree = "<group>"; };
		89C1430315D6DA650022C205 /* QuartzCore.framework */ = {isa = PBXFileReference; lastKnownFileType = wrapper.framework; name = QuartzCore.framework; path = System/Library/Frameworks/QuartzCore.framework; sourceTree = SDKROOT; };
/* End PBXFileReference section */

/* Begin PBXFrameworksBuildPhase section */
		89C142CB15D6D5710022C205 /* Frameworks */ = {
			isa = PBXFrameworksBuildPhase;
			buildActionMask = 2147483647;
			files = (
				89C1430415D6DA650022C205 /* QuartzCore.framework in Frameworks */,
				89C142D315D6D5710022C205 /* UIKit.framework in Frameworks */,
				89C142D515D6D5710022C205 /* Foundation.framework in Frameworks */,
				89C142D715D6D5710022C205 /* CoreGraphics.framework in Frameworks */,
			);
			runOnlyForDeploymentPostprocessing = 0;
		};
/* End PBXFrameworksBuildPhase section */

/* Begin PBXGroup section */
		89C142C315D6D5710022C205 = {
			isa = PBXGroup;
			children = (
				89C142D815D6D5710022C205 /* EventMaker */,
				89C142D115D6D5710022C205 /* Frameworks */,
				89C142CF15D6D5710022C205 /* Products */,
			);
			sourceTree = "<group>";
		};
		89C142CF15D6D5710022C205 /* Products */ = {
			isa = PBXGroup;
			children = (
				89C142CE15D6D5710022C205 /* EventMaker.app */,
			);
			name = Products;
			sourceTree = "<group>";
		};
		89C142D115D6D5710022C205 /* Frameworks */ = {
			isa = PBXGroup;
			children = (
				89C1430315D6DA650022C205 /* QuartzCore.framework */,
				89C142D215D6D5710022C205 /* UIKit.framework */,
				89C142D415D6D5710022C205 /* Foundation.framework */,
				89C142D615D6D5710022C205 /* CoreGraphics.framework */,
			);
			name = Frameworks;
			sourceTree = "<group>";
		};
		89C142D815D6D5710022C205 /* EventMaker */ = {
			isa = PBXGroup;
			children = (
				89C142FB15D6D5CF0022C205 /* Helpers */,
				89C142FF15D6D6460022C205 /* Model */,
				89C142FE15D6D6410022C205 /* View */,
				89C142FD15D6D63B0022C205 /* Controller */,
				89C142E115D6D5710022C205 /* AppDelegate.h */,
				89C142E215D6D5710022C205 /* AppDelegate.m */,
				89C142D915D6D5710022C205 /* Supporting Files */,
			);
			path = EventMaker;
			sourceTree = "<group>";
		};
		89C142D915D6D5710022C205 /* Supporting Files */ = {
			isa = PBXGroup;
			children = (
				89C142DA15D6D5710022C205 /* EventMaker-Info.plist */,
				89C142DB15D6D5710022C205 /* InfoPlist.strings */,
				89C142DE15D6D5710022C205 /* main.m */,
				89C142E015D6D5710022C205 /* EventMaker-Prefix.pch */,
			);
			name = "Supporting Files";
			sourceTree = "<group>";
		};
		89C142FB15D6D5CF0022C205 /* Helpers */ = {
			isa = PBXGroup;
			children = (
				89C142FC15D6D60D0022C205 /* BSLibrary */,
			);
			name = Helpers;
			sourceTree = "<group>";
		};
		89C142FC15D6D60D0022C205 /* BSLibrary */ = {
			isa = PBXGroup;
			children = (
				89C142F115D6D5CA0022C205 /* Common.h */,
				89C142F215D6D5CA0022C205 /* Common.m */,
				89C142F315D6D5CA0022C205 /* NSObject+Blocks.h */,
				89C142F415D6D5CA0022C205 /* NSObject+Blocks.m */,
				89C142F515D6D5CA0022C205 /* UIColor+BSColors.h */,
				89C142F615D6D5CA0022C205 /* UIColor+BSColors.m */,
				89C142EF15D6D5CA0022C205 /* BSAlert.h */,
				89C142F015D6D5CA0022C205 /* BSAlert.m */,
			);
			name = BSLibrary;
			sourceTree = "<group>";
		};
		89C142FD15D6D63B0022C205 /* Controller */ = {
			isa = PBXGroup;
			children = (
				89C1430015D6D8710022C205 /* EventsViewController.h */,
				89C1430115D6D8710022C205 /* EventsViewController.m */,
			);
			name = Controller;
			sourceTree = "<group>";
		};
		89C142FE15D6D6410022C205 /* View */ = {
			isa = PBXGroup;
			children = (
				89C142E415D6D5710022C205 /* MainStoryboard.storyboard */,
			);
			name = View;
			sourceTree = "<group>";
		};
		89C142FF15D6D6460022C205 /* Model */ = {
			isa = PBXGroup;
			children = (
			);
			name = Model;
			sourceTree = "<group>";
		};
/* End PBXGroup section */

/* Begin PBXNativeTarget section */
		89C142CD15D6D5710022C205 /* EventMaker */ = {
			isa = PBXNativeTarget;
			buildConfigurationList = 89C142EC15D6D5710022C205 /* Build configuration list for PBXNativeTarget "EventMaker" */;
			buildPhases = (
				89C142CA15D6D5710022C205 /* Sources */,
				89C142CB15D6D5710022C205 /* Frameworks */,
				89C142CC15D6D5710022C205 /* Resources */,
			);
			buildRules = (
			);
			dependencies = (
			);
			name = EventMaker;
			productName = EventMaker;
			productReference = 89C142CE15D6D5710022C205 /* EventMaker.app */;
			productType = "com.apple.product-type.application";
		};
/* End PBXNativeTarget section */

/* Begin PBXProject section */
		89C142C515D6D5710022C205 /* Project object */ = {
			isa = PBXProject;
			attributes = {
				LastUpgradeCheck = 0440;
				ORGANIZATIONNAME = "Brian Stewart";
			};
			buildConfigurationList = 89C142C815D6D5710022C205 /* Build configuration list for PBXProject "EventMaker" */;
			compatibilityVersion = "Xcode 3.2";
			developmentRegion = English;
			hasScannedForEncodings = 0;
			knownRegions = (
				en,
			);
			mainGroup = 89C142C315D6D5710022C205;
			productRefGroup = 89C142CF15D6D5710022C205 /* Products */;
			projectDirPath = "";
			projectRoot = "";
			targets = (
				89C142CD15D6D5710022C205 /* EventMaker */,
			);
		};
/* End PBXProject section */

/* Begin PBXResourcesBuildPhase section */
		89C142CC15D6D5710022C205 /* Resources */ = {
			isa = PBXResourcesBuildPhase;
			buildActionMask = 2147483647;
			files = (
				89C142DD15D6D5710022C205 /* InfoPlist.strings in Resources */,
				89C142E615D6D5710022C205 /* MainStoryboard.storyboard in Resources */,
			);
			runOnlyForDeploymentPostprocessing = 0;
		};
/* End PBXResourcesBuildPhase section */

/* Begin PBXSourcesBuildPhase section */
		89C142CA15D6D5710022C205 /* Sources */ = {
			isa = PBXSourcesBuildPhase;
			buildActionMask = 2147483647;
			files = (
				89C142DF15D6D5710022C205 /* main.m in Sources */,
				89C142E315D6D5710022C205 /* AppDelegate.m in Sources */,
				89C142F715D6D5CA0022C205 /* BSAlert.m in Sources */,
				89C142F815D6D5CA0022C205 /* Common.m in Sources */,
				89C142F915D6D5CA0022C205 /* NSObject+Blocks.m in Sources */,
				89C142FA15D6D5CA0022C205 /* UIColor+BSColors.m in Sources */,
				89C1430215D6D8710022C205 /* EventsViewController.m in Sources */,
			);
			runOnlyForDeploymentPostprocessing = 0;
		};
/* End PBXSourcesBuildPhase section */

/* Begin PBXVariantGroup section */
		89C142DB15D6D5710022C205 /* InfoPlist.strings */ = {
			isa = PBXVariantGroup;
			children = (
				89C142DC15D6D5710022C205 /* en */,
			);
			name = InfoPlist.strings;
			sourceTree = "<group>";
		};
		89C142E415D6D5710022C205 /* MainStoryboard.storyboard */ = {
			isa = PBXVariantGroup;
			children = (
				89C142E515D6D5710022C205 /* en */,
			);
			name = MainStoryboard.storyboard;
			sourceTree = "<group>";
		};
/* End PBXVariantGroup section */

/* Begin XCBuildConfiguration section */
		89C142EA15D6D5710022C205 /* Debug */ = {
			isa = XCBuildConfiguration;
			buildSettings = {
				ALWAYS_SEARCH_USER_PATHS = NO;
				ARCHS = "$(ARCHS_STANDARD_32_BIT)";
				CLANG_CXX_LANGUAGE_STANDARD = "gnu++0x";
				CLANG_ENABLE_OBJC_ARC = YES;
				CLANG_WARN__DUPLICATE_METHOD_MATCH = YES;
				"CODE_SIGN_IDENTITY[sdk=iphoneos*]" = "iPhone Developer";
				COPY_PHASE_STRIP = NO;
				GCC_C_LANGUAGE_STANDARD = gnu99;
				GCC_DYNAMIC_NO_PIC = NO;
				GCC_OPTIMIZATION_LEVEL = 0;
				GCC_PREPROCESSOR_DEFINITIONS = (
					"DEBUG=1",
					"$(inherited)",
				);
				GCC_SYMBOLS_PRIVATE_EXTERN = NO;
				GCC_VERSION = com.apple.compilers.llvm.clang.1_0;
				GCC_WARN_ABOUT_RETURN_TYPE = YES;
				GCC_WARN_UNINITIALIZED_AUTOS = YES;
				GCC_WARN_UNUSED_VARIABLE = YES;
				IPHONEOS_DEPLOYMENT_TARGET = 5.1;
				SDKROOT = iphoneos;
			};
			name = Debug;
		};
		89C142EB15D6D5710022C205 /* Release */ = {
			isa = XCBuildConfiguration;
			buildSettings = {
				ALWAYS_SEARCH_USER_PATHS = NO;
				ARCHS = "$(ARCHS_STANDARD_32_BIT)";
				CLANG_CXX_LANGUAGE_STANDARD = "gnu++0x";
				CLANG_ENABLE_OBJC_ARC = YES;
				CLANG_WARN__DUPLICATE_METHOD_MATCH = YES;
				"CODE_SIGN_IDENTITY[sdk=iphoneos*]" = "iPhone Developer";
				COPY_PHASE_STRIP = YES;
				GCC_C_LANGUAGE_STANDARD = gnu99;
				GCC_VERSION = com.apple.compilers.llvm.clang.1_0;
				GCC_WARN_ABOUT_RETURN_TYPE = YES;
				GCC_WARN_UNINITIALIZED_AUTOS = YES;
				GCC_WARN_UNUSED_VARIABLE = YES;
				IPHONEOS_DEPLOYMENT_TARGET = 5.1;
				OTHER_CFLAGS = "-DNS_BLOCK_ASSERTIONS=1";
				SDKROOT = iphoneos;
				VALIDATE_PRODUCT = YES;
			};
			name = Release;
		};
		89C142ED15D6D5710022C205 /* Debug */ = {
			isa = XCBuildConfiguration;
			buildSettings = {
				GCC_PRECOMPILE_PREFIX_HEADER = YES;
				GCC_PREFIX_HEADER = "EventMaker/EventMaker-Prefix.pch";
				INFOPLIST_FILE = "EventMaker/EventMaker-Info.plist";
				PRODUCT_NAME = "$(TARGET_NAME)";
				WRAPPER_EXTENSION = app;
			};
			name = Debug;
		};
		89C142EE15D6D5710022C205 /* Release */ = {
			isa = XCBuildConfiguration;
			buildSettings = {
				GCC_PRECOMPILE_PREFIX_HEADER = YES;
				GCC_PREFIX_HEADER = "EventMaker/EventMaker-Prefix.pch";
				INFOPLIST_FILE = "EventMaker/EventMaker-Info.plist";
				PRODUCT_NAME = "$(TARGET_NAME)";
				WRAPPER_EXTENSION = app;
			};
			name = Release;
		};
/* End XCBuildConfiguration section */

/* Begin XCConfigurationList section */
		89C142C815D6D5710022C205 /* Build configuration list for PBXProject "EventMaker" */ = {
			isa = XCConfigurationList;
			buildConfigurations = (
				89C142EA15D6D5710022C205 /* Debug */,
				89C142EB15D6D5710022C205 /* Release */,
			);
			defaultConfigurationIsVisible = 0;
			defaultConfigurationName = Release;
		};
		89C142EC15D6D5710022C205 /* Build configuration list for PBXNativeTarget "EventMaker" */ = {
			isa = XCConfigurationList;
			buildConfigurations = (
				89C142ED15D6D5710022C205 /* Debug */,
				89C142EE15D6D5710022C205 /* Release */,
			);
			defaultConfigurationIsVisible = 0;
		};
/* End XCConfigurationList section */
	};
	rootObject = 89C142C515D6D5710022C205 /* Project object */;
}
